// !$*UTF8*$!
{
	archiveVersion = 1;
	classes = {
	};
	objectVersion = 56;
	objects = {

/* Begin PBXBuildFile section */
		7507E1EB29D0472E003F73C8 /* HomeView.swift in Sources */ = {isa = PBXBuildFile; fileRef = 7507E1EA29D0472E003F73C8 /* HomeView.swift */; };
		7507E1EF29D04984003F73C8 /* CircleButtonView.swift in Sources */ = {isa = PBXBuildFile; fileRef = 7507E1EE29D04984003F73C8 /* CircleButtonView.swift */; };
		7507E1F129D04E57003F73C8 /* CircleButtonAnimationView.swift in Sources */ = {isa = PBXBuildFile; fileRef = 7507E1F029D04E57003F73C8 /* CircleButtonAnimationView.swift */; };
		752C12AC29F2C8F900559D9E /* StatisticModel.swift in Sources */ = {isa = PBXBuildFile; fileRef = 752C12AB29F2C8F900559D9E /* StatisticModel.swift */; };
		752C12AE29F2CB8800559D9E /* StatisticView.swift in Sources */ = {isa = PBXBuildFile; fileRef = 752C12AD29F2CB8800559D9E /* StatisticView.swift */; };
		7534AB2729F7C78E001706E0 /* HomeStatsView.swift in Sources */ = {isa = PBXBuildFile; fileRef = 7534AB2629F7C78E001706E0 /* HomeStatsView.swift */; };
		754B33A629E51291009E8940 /* NetworkingManager.swift in Sources */ = {isa = PBXBuildFile; fileRef = 754B33A529E51291009E8940 /* NetworkingManager.swift */; };
		754B33AB29E67DF6009E8940 /* CoinImageView.swift in Sources */ = {isa = PBXBuildFile; fileRef = 754B33AA29E67DF6009E8940 /* CoinImageView.swift */; };
		754B33AD29E683CA009E8940 /* CoinImageService.swift in Sources */ = {isa = PBXBuildFile; fileRef = 754B33AC29E683CA009E8940 /* CoinImageService.swift */; };
		754B33AF29E6870C009E8940 /* CoinImageViewModel.swift in Sources */ = {isa = PBXBuildFile; fileRef = 754B33AE29E6870C009E8940 /* CoinImageViewModel.swift */; };
		754E0ECF29E7EDFE00E5DE5A /* LocalFileManager.swift in Sources */ = {isa = PBXBuildFile; fileRef = 754E0ECE29E7EDFE00E5DE5A /* LocalFileManager.swift */; };
		7550EFCE29B87BA300E991F7 /* Color.swift in Sources */ = {isa = PBXBuildFile; fileRef = 7550EFCD29B87BA300E991F7 /* Color.swift */; };
		755433C729ED2F99000DF06E /* SearchBarView.swift in Sources */ = {isa = PBXBuildFile; fileRef = 755433C629ED2F99000DF06E /* SearchBarView.swift */; };
		755433C929ED35FE000DF06E /* UIApplication.swift in Sources */ = {isa = PBXBuildFile; fileRef = 755433C829ED35FE000DF06E /* UIApplication.swift */; };
		757E0D1129B8772800628C9D /* MyCryptoApp.swift in Sources */ = {isa = PBXBuildFile; fileRef = 757E0D1029B8772800628C9D /* MyCryptoApp.swift */; };
		757E0D1329B8772800628C9D /* ContentView.swift in Sources */ = {isa = PBXBuildFile; fileRef = 757E0D1229B8772800628C9D /* ContentView.swift */; };
		757E0D1829B8772A00628C9D /* Preview Assets.xcassets in Resources */ = {isa = PBXBuildFile; fileRef = 757E0D1729B8772A00628C9D /* Preview Assets.xcassets */; };
		757E0D4629B878CC00628C9D /* Assets.xcassets in Resources */ = {isa = PBXBuildFile; fileRef = 757E0D4529B878CC00628C9D /* Assets.xcassets */; };
		75854C4529E32A8A00B5C9B7 /* CoinDataService.swift in Sources */ = {isa = PBXBuildFile; fileRef = 75854C4429E32A8900B5C9B7 /* CoinDataService.swift */; };
		75C5833429DF1B5B006D3265 /* CoinModel.swift in Sources */ = {isa = PBXBuildFile; fileRef = 75C5833329DF1B5B006D3265 /* CoinModel.swift */; };
		75C5833629E0399A006D3265 /* CoinRowView.swift in Sources */ = {isa = PBXBuildFile; fileRef = 75C5833529E0399A006D3265 /* CoinRowView.swift */; };
		75C5833829E03AA0006D3265 /* PreviewProvider.swift in Sources */ = {isa = PBXBuildFile; fileRef = 75C5833729E03AA0006D3265 /* PreviewProvider.swift */; };
		75C5833A29E049AF006D3265 /* Double.swift in Sources */ = {isa = PBXBuildFile; fileRef = 75C5833929E049AF006D3265 /* Double.swift */; };
		75C5833C29E2B502006D3265 /* HomeViewModel.swift in Sources */ = {isa = PBXBuildFile; fileRef = 75C5833B29E2B502006D3265 /* HomeViewModel.swift */; };
/* End PBXBuildFile section */

/* Begin PBXFileReference section */
		7507E1EA29D0472E003F73C8 /* HomeView.swift */ = {isa = PBXFileReference; lastKnownFileType = sourcecode.swift; path = HomeView.swift; sourceTree = "<group>"; };
		7507E1EE29D04984003F73C8 /* CircleButtonView.swift */ = {isa = PBXFileReference; lastKnownFileType = sourcecode.swift; path = CircleButtonView.swift; sourceTree = "<group>"; };
		7507E1F029D04E57003F73C8 /* CircleButtonAnimationView.swift */ = {isa = PBXFileReference; lastKnownFileType = sourcecode.swift; path = CircleButtonAnimationView.swift; sourceTree = "<group>"; };
		752C12AB29F2C8F900559D9E /* StatisticModel.swift */ = {isa = PBXFileReference; lastKnownFileType = sourcecode.swift; path = StatisticModel.swift; sourceTree = "<group>"; };
		752C12AD29F2CB8800559D9E /* StatisticView.swift */ = {isa = PBXFileReference; lastKnownFileType = sourcecode.swift; path = StatisticView.swift; sourceTree = "<group>"; };
		7534AB2629F7C78E001706E0 /* HomeStatsView.swift */ = {isa = PBXFileReference; lastKnownFileType = sourcecode.swift; path = HomeStatsView.swift; sourceTree = "<group>"; };
		754B33A529E51291009E8940 /* NetworkingManager.swift */ = {isa = PBXFileReference; lastKnownFileType = sourcecode.swift; path = NetworkingManager.swift; sourceTree = "<group>"; };
		754B33AA29E67DF6009E8940 /* CoinImageView.swift */ = {isa = PBXFileReference; lastKnownFileType = sourcecode.swift; path = CoinImageView.swift; sourceTree = "<group>"; };
		754B33AC29E683CA009E8940 /* CoinImageService.swift */ = {isa = PBXFileReference; lastKnownFileType = sourcecode.swift; path = CoinImageService.swift; sourceTree = "<group>"; };
		754B33AE29E6870C009E8940 /* CoinImageViewModel.swift */ = {isa = PBXFileReference; lastKnownFileType = sourcecode.swift; path = CoinImageViewModel.swift; sourceTree = "<group>"; };
		754E0ECE29E7EDFE00E5DE5A /* LocalFileManager.swift */ = {isa = PBXFileReference; lastKnownFileType = sourcecode.swift; path = LocalFileManager.swift; sourceTree = "<group>"; };
		7550EFCD29B87BA300E991F7 /* Color.swift */ = {isa = PBXFileReference; lastKnownFileType = sourcecode.swift; path = Color.swift; sourceTree = "<group>"; };
		755433C629ED2F99000DF06E /* SearchBarView.swift */ = {isa = PBXFileReference; lastKnownFileType = sourcecode.swift; path = SearchBarView.swift; sourceTree = "<group>"; };
		755433C829ED35FE000DF06E /* UIApplication.swift */ = {isa = PBXFileReference; lastKnownFileType = sourcecode.swift; path = UIApplication.swift; sourceTree = "<group>"; };
		757E0D0D29B8772800628C9D /* MyCrypto.app */ = {isa = PBXFileReference; explicitFileType = wrapper.application; includeInIndex = 0; path = MyCrypto.app; sourceTree = BUILT_PRODUCTS_DIR; };
		757E0D1029B8772800628C9D /* MyCryptoApp.swift */ = {isa = PBXFileReference; lastKnownFileType = sourcecode.swift; path = MyCryptoApp.swift; sourceTree = "<group>"; };
		757E0D1229B8772800628C9D /* ContentView.swift */ = {isa = PBXFileReference; lastKnownFileType = sourcecode.swift; path = ContentView.swift; sourceTree = "<group>"; };
		757E0D1729B8772A00628C9D /* Preview Assets.xcassets */ = {isa = PBXFileReference; lastKnownFileType = folder.assetcatalog; path = "Preview Assets.xcassets"; sourceTree = "<group>"; };
		757E0D4529B878CC00628C9D /* Assets.xcassets */ = {isa = PBXFileReference; lastKnownFileType = folder.assetcatalog; name = Assets.xcassets; path = ../../../Assets.xcassets; sourceTree = "<group>"; };
		75854C4429E32A8900B5C9B7 /* CoinDataService.swift */ = {isa = PBXFileReference; lastKnownFileType = sourcecode.swift; path = CoinDataService.swift; sourceTree = "<group>"; };
		75C5833329DF1B5B006D3265 /* CoinModel.swift */ = {isa = PBXFileReference; lastKnownFileType = sourcecode.swift; path = CoinModel.swift; sourceTree = "<group>"; };
		75C5833529E0399A006D3265 /* CoinRowView.swift */ = {isa = PBXFileReference; lastKnownFileType = sourcecode.swift; path = CoinRowView.swift; sourceTree = "<group>"; };
		75C5833729E03AA0006D3265 /* PreviewProvider.swift */ = {isa = PBXFileReference; lastKnownFileType = sourcecode.swift; path = PreviewProvider.swift; sourceTree = "<group>"; };
		75C5833929E049AF006D3265 /* Double.swift */ = {isa = PBXFileReference; lastKnownFileType = sourcecode.swift; path = Double.swift; sourceTree = "<group>"; };
		75C5833B29E2B502006D3265 /* HomeViewModel.swift */ = {isa = PBXFileReference; lastKnownFileType = sourcecode.swift; path = HomeViewModel.swift; sourceTree = "<group>"; };
/* End PBXFileReference section */

/* Begin PBXFrameworksBuildPhase section */
		757E0D0A29B8772800628C9D /* Frameworks */ = {
			isa = PBXFrameworksBuildPhase;
			buildActionMask = 2147483647;
			files = (
			);
			runOnlyForDeploymentPostprocessing = 0;
		};
/* End PBXFrameworksBuildPhase section */

/* Begin PBXGroup section */
		7507E1E629D046BB003F73C8 /* Core */ = {
			isa = PBXGroup;
			children = (
				7507E1EC29D04928003F73C8 /* Components */,
				7507E1E729D046E2003F73C8 /* Home */,
			);
			path = Core;
			sourceTree = "<group>";
		};
		7507E1E729D046E2003F73C8 /* Home */ = {
			isa = PBXGroup;
			children = (
				7507E1E929D046FA003F73C8 /* ViewModels */,
				7507E1E829D046ED003F73C8 /* Views */,
			);
			path = Home;
			sourceTree = "<group>";
		};
		7507E1E829D046ED003F73C8 /* Views */ = {
			isa = PBXGroup;
			children = (
				7507E1EA29D0472E003F73C8 /* HomeView.swift */,
				7507E1F029D04E57003F73C8 /* CircleButtonAnimationView.swift */,
				75C5833529E0399A006D3265 /* CoinRowView.swift */,
				7534AB2629F7C78E001706E0 /* HomeStatsView.swift */,
			);
			path = Views;
			sourceTree = "<group>";
		};
		7507E1E929D046FA003F73C8 /* ViewModels */ = {
			isa = PBXGroup;
			children = (
				75C5833B29E2B502006D3265 /* HomeViewModel.swift */,
				754B33AE29E6870C009E8940 /* CoinImageViewModel.swift */,
			);
			path = ViewModels;
			sourceTree = "<group>";
		};
		7507E1EC29D04928003F73C8 /* Components */ = {
			isa = PBXGroup;
			children = (
				754B33A729E67DA9009E8940 /* CoinImage */,
				7507E1ED29D04951003F73C8 /* CircleButton */,
				755433C629ED2F99000DF06E /* SearchBarView.swift */,
				752C12AD29F2CB8800559D9E /* StatisticView.swift */,
			);
			path = Components;
			sourceTree = "<group>";
		};
		7507E1ED29D04951003F73C8 /* CircleButton */ = {
			isa = PBXGroup;
			children = (
				7507E1EE29D04984003F73C8 /* CircleButtonView.swift */,
			);
			path = CircleButton;
			sourceTree = "<group>";
		};
		754B33A429E511FB009E8940 /* Utils */ = {
			isa = PBXGroup;
			children = (
				754B33A529E51291009E8940 /* NetworkingManager.swift */,
				754E0ECE29E7EDFE00E5DE5A /* LocalFileManager.swift */,
			);
			path = Utils;
			sourceTree = "<group>";
		};
		754B33A729E67DA9009E8940 /* CoinImage */ = {
			isa = PBXGroup;
			children = (
				754B33AA29E67DF6009E8940 /* CoinImageView.swift */,
			);
			path = CoinImage;
			sourceTree = "<group>";
		};
		7550EFCC29B87B8400E991F7 /* Extensions */ = {
			isa = PBXGroup;
			children = (
				7550EFCD29B87BA300E991F7 /* Color.swift */,
				75C5833729E03AA0006D3265 /* PreviewProvider.swift */,
				75C5833929E049AF006D3265 /* Double.swift */,
				755433C829ED35FE000DF06E /* UIApplication.swift */,
			);
			path = Extensions;
			sourceTree = "<group>";
		};
		757E0D0429B8772800628C9D = {
			isa = PBXGroup;
			children = (
				757E0D0F29B8772800628C9D /* MyCrypto */,
				757E0D0E29B8772800628C9D /* Products */,
			);
			sourceTree = "<group>";
		};
		757E0D0E29B8772800628C9D /* Products */ = {
			isa = PBXGroup;
			children = (
				757E0D0D29B8772800628C9D /* MyCrypto.app */,
			);
			name = Products;
			sourceTree = "<group>";
		};
		757E0D0F29B8772800628C9D /* MyCrypto */ = {
			isa = PBXGroup;
			children = (
				757E0D1029B8772800628C9D /* MyCryptoApp.swift */,
				754B33A429E511FB009E8940 /* Utils */,
				75854C4329E32A4400B5C9B7 /* Services */,
				7550EFCC29B87B8400E991F7 /* Extensions */,
				75C5833229DF1B26006D3265 /* Models */,
				7507E1E629D046BB003F73C8 /* Core */,
				757E0D1229B8772800628C9D /* ContentView.swift */,
				757E0D4529B878CC00628C9D /* Assets.xcassets */,
				757E0D1629B8772A00628C9D /* Preview Content */,
			);
			path = MyCrypto;
			sourceTree = "<group>";
		};
		757E0D1629B8772A00628C9D /* Preview Content */ = {
			isa = PBXGroup;
			children = (
				757E0D1729B8772A00628C9D /* Preview Assets.xcassets */,
			);
			path = "Preview Content";
			sourceTree = "<group>";
		};
		75854C4329E32A4400B5C9B7 /* Services */ = {
			isa = PBXGroup;
			children = (
				75854C4429E32A8900B5C9B7 /* CoinDataService.swift */,
				754B33AC29E683CA009E8940 /* CoinImageService.swift */,
			);
			path = Services;
			sourceTree = "<group>";
		};
		75C5833229DF1B26006D3265 /* Models */ = {
			isa = PBXGroup;
			children = (
				75C5833329DF1B5B006D3265 /* CoinModel.swift */,
				752C12AB29F2C8F900559D9E /* StatisticModel.swift */,
			);
			path = Models;
			sourceTree = "<group>";
		};
/* End PBXGroup section */

/* Begin PBXNativeTarget section */
		757E0D0C29B8772800628C9D /* MyCrypto */ = {
			isa = PBXNativeTarget;
			buildConfigurationList = 757E0D1B29B8772A00628C9D /* Build configuration list for PBXNativeTarget "MyCrypto" */;
			buildPhases = (
				757E0D0929B8772800628C9D /* Sources */,
				757E0D0A29B8772800628C9D /* Frameworks */,
				757E0D0B29B8772800628C9D /* Resources */,
			);
			buildRules = (
			);
			dependencies = (
			);
			name = MyCrypto;
			productName = MyCrypto;
			productReference = 757E0D0D29B8772800628C9D /* MyCrypto.app */;
			productType = "com.apple.product-type.application";
		};
/* End PBXNativeTarget section */

/* Begin PBXProject section */
		757E0D0529B8772800628C9D /* Project object */ = {
			isa = PBXProject;
			attributes = {
				BuildIndependentTargetsInParallel = 1;
				LastSwiftUpdateCheck = 1420;
				LastUpgradeCheck = 1420;
				TargetAttributes = {
					757E0D0C29B8772800628C9D = {
						CreatedOnToolsVersion = 14.2;
					};
				};
			};
			buildConfigurationList = 757E0D0829B8772800628C9D /* Build configuration list for PBXProject "MyCrypto" */;
			compatibilityVersion = "Xcode 14.0";
			developmentRegion = en;
			hasScannedForEncodings = 0;
			knownRegions = (
				en,
				Base,
			);
			mainGroup = 757E0D0429B8772800628C9D;
			productRefGroup = 757E0D0E29B8772800628C9D /* Products */;
			projectDirPath = "";
			projectRoot = "";
			targets = (
				757E0D0C29B8772800628C9D /* MyCrypto */,
			);
		};
/* End PBXProject section */

/* Begin PBXResourcesBuildPhase section */
		757E0D0B29B8772800628C9D /* Resources */ = {
			isa = PBXResourcesBuildPhase;
			buildActionMask = 2147483647;
			files = (
				757E0D1829B8772A00628C9D /* Preview Assets.xcassets in Resources */,
				757E0D4629B878CC00628C9D /* Assets.xcassets in Resources */,
			);
			runOnlyForDeploymentPostprocessing = 0;
		};
/* End PBXResourcesBuildPhase section */

/* Begin PBXSourcesBuildPhase section */
		757E0D0929B8772800628C9D /* Sources */ = {
			isa = PBXSourcesBuildPhase;
			buildActionMask = 2147483647;
			files = (
				752C12AC29F2C8F900559D9E /* StatisticModel.swift in Sources */,
				75854C4529E32A8A00B5C9B7 /* CoinDataService.swift in Sources */,
				75C5833629E0399A006D3265 /* CoinRowView.swift in Sources */,
				75C5833C29E2B502006D3265 /* HomeViewModel.swift in Sources */,
				757E0D1329B8772800628C9D /* ContentView.swift in Sources */,
				754E0ECF29E7EDFE00E5DE5A /* LocalFileManager.swift in Sources */,
				7507E1EB29D0472E003F73C8 /* HomeView.swift in Sources */,
				752C12AE29F2CB8800559D9E /* StatisticView.swift in Sources */,
				754B33AB29E67DF6009E8940 /* CoinImageView.swift in Sources */,
				757E0D1129B8772800628C9D /* MyCryptoApp.swift in Sources */,
				755433C929ED35FE000DF06E /* UIApplication.swift in Sources */,
				7507E1EF29D04984003F73C8 /* CircleButtonView.swift in Sources */,
				7550EFCE29B87BA300E991F7 /* Color.swift in Sources */,
				755433C729ED2F99000DF06E /* SearchBarView.swift in Sources */,
				754B33A629E51291009E8940 /* NetworkingManager.swift in Sources */,
				7534AB2729F7C78E001706E0 /* HomeStatsView.swift in Sources */,
				7507E1F129D04E57003F73C8 /* CircleButtonAnimationView.swift in Sources */,
				754B33AF29E6870C009E8940 /* CoinImageViewModel.swift in Sources */,
				75C5833829E03AA0006D3265 /* PreviewProvider.swift in Sources */,
				75C5833A29E049AF006D3265 /* Double.swift in Sources */,
				75C5833429DF1B5B006D3265 /* CoinModel.swift in Sources */,
				754B33AD29E683CA009E8940 /* CoinImageService.swift in Sources */,
			);
			runOnlyForDeploymentPostprocessing = 0;
		};
/* End PBXSourcesBuildPhase section */

/* Begin XCBuildConfiguration section */
		757E0D1929B8772A00628C9D /* Debug */ = {
			isa = XCBuildConfiguration;
			buildSettings = {
				ALWAYS_SEARCH_USER_PATHS = NO;
				CLANG_ANALYZER_NONNULL = YES;
				CLANG_ANALYZER_NUMBER_OBJECT_CONVERSION = YES_AGGRESSIVE;
				CLANG_CXX_LANGUAGE_STANDARD = "gnu++20";
				CLANG_ENABLE_MODULES = YES;
				CLANG_ENABLE_OBJC_ARC = YES;
				CLANG_ENABLE_OBJC_WEAK = YES;
				CLANG_WARN_BLOCK_CAPTURE_AUTORELEASING = YES;
				CLANG_WARN_BOOL_CONVERSION = YES;
				CLANG_WARN_COMMA = YES;
				CLANG_WARN_CONSTANT_CONVERSION = YES;
				CLANG_WARN_DEPRECATED_OBJC_IMPLEMENTATIONS = YES;
				CLANG_WARN_DIRECT_OBJC_ISA_USAGE = YES_ERROR;
				CLANG_WARN_DOCUMENTATION_COMMENTS = YES;
				CLANG_WARN_EMPTY_BODY = YES;
				CLANG_WARN_ENUM_CONVERSION = YES;
				CLANG_WARN_INFINITE_RECURSION = YES;
				CLANG_WARN_INT_CONVERSION = YES;
				CLANG_WARN_NON_LITERAL_NULL_CONVERSION = YES;
				CLANG_WARN_OBJC_IMPLICIT_RETAIN_SELF = YES;
				CLANG_WARN_OBJC_LITERAL_CONVERSION = YES;
				CLANG_WARN_OBJC_ROOT_CLASS = YES_ERROR;
				CLANG_WARN_QUOTED_INCLUDE_IN_FRAMEWORK_HEADER = YES;
				CLANG_WARN_RANGE_LOOP_ANALYSIS = YES;
				CLANG_WARN_STRICT_PROTOTYPES = YES;
				CLANG_WARN_SUSPICIOUS_MOVE = YES;
				CLANG_WARN_UNGUARDED_AVAILABILITY = YES_AGGRESSIVE;
				CLANG_WARN_UNREACHABLE_CODE = YES;
				CLANG_WARN__DUPLICATE_METHOD_MATCH = YES;
				COPY_PHASE_STRIP = NO;
				DEBUG_INFORMATION_FORMAT = dwarf;
				ENABLE_STRICT_OBJC_MSGSEND = YES;
				ENABLE_TESTABILITY = YES;
				GCC_C_LANGUAGE_STANDARD = gnu11;
				GCC_DYNAMIC_NO_PIC = NO;
				GCC_NO_COMMON_BLOCKS = YES;
				GCC_OPTIMIZATION_LEVEL = 0;
				GCC_PREPROCESSOR_DEFINITIONS = (
					"DEBUG=1",
					"$(inherited)",
				);
				GCC_WARN_64_TO_32_BIT_CONVERSION = YES;
				GCC_WARN_ABOUT_RETURN_TYPE = YES_ERROR;
				GCC_WARN_UNDECLARED_SELECTOR = YES;
				GCC_WARN_UNINITIALIZED_AUTOS = YES_AGGRESSIVE;
				GCC_WARN_UNUSED_FUNCTION = YES;
				GCC_WARN_UNUSED_VARIABLE = YES;
				IPHONEOS_DEPLOYMENT_TARGET = 16.2;
				MTL_ENABLE_DEBUG_INFO = INCLUDE_SOURCE;
				MTL_FAST_MATH = YES;
				ONLY_ACTIVE_ARCH = YES;
				SDKROOT = iphoneos;
				SWIFT_ACTIVE_COMPILATION_CONDITIONS = DEBUG;
				SWIFT_OPTIMIZATION_LEVEL = "-Onone";
			};
			name = Debug;
		};
		757E0D1A29B8772A00628C9D /* Release */ = {
			isa = XCBuildConfiguration;
			buildSettings = {
				ALWAYS_SEARCH_USER_PATHS = NO;
				CLANG_ANALYZER_NONNULL = YES;
				CLANG_ANALYZER_NUMBER_OBJECT_CONVERSION = YES_AGGRESSIVE;
				CLANG_CXX_LANGUAGE_STANDARD = "gnu++20";
				CLANG_ENABLE_MODULES = YES;
				CLANG_ENABLE_OBJC_ARC = YES;
				CLANG_ENABLE_OBJC_WEAK = YES;
				CLANG_WARN_BLOCK_CAPTURE_AUTORELEASING = YES;
				CLANG_WARN_BOOL_CONVERSION = YES;
				CLANG_WARN_COMMA = YES;
				CLANG_WARN_CONSTANT_CONVERSION = YES;
				CLANG_WARN_DEPRECATED_OBJC_IMPLEMENTATIONS = YES;
				CLANG_WARN_DIRECT_OBJC_ISA_USAGE = YES_ERROR;
				CLANG_WARN_DOCUMENTATION_COMMENTS = YES;
				CLANG_WARN_EMPTY_BODY = YES;
				CLANG_WARN_ENUM_CONVERSION = YES;
				CLANG_WARN_INFINITE_RECURSION = YES;
				CLANG_WARN_INT_CONVERSION = YES;
				CLANG_WARN_NON_LITERAL_NULL_CONVERSION = YES;
				CLANG_WARN_OBJC_IMPLICIT_RETAIN_SELF = YES;
				CLANG_WARN_OBJC_LITERAL_CONVERSION = YES;
				CLANG_WARN_OBJC_ROOT_CLASS = YES_ERROR;
				CLANG_WARN_QUOTED_INCLUDE_IN_FRAMEWORK_HEADER = YES;
				CLANG_WARN_RANGE_LOOP_ANALYSIS = YES;
				CLANG_WARN_STRICT_PROTOTYPES = YES;
				CLANG_WARN_SUSPICIOUS_MOVE = YES;
				CLANG_WARN_UNGUARDED_AVAILABILITY = YES_AGGRESSIVE;
				CLANG_WARN_UNREACHABLE_CODE = YES;
				CLANG_WARN__DUPLICATE_METHOD_MATCH = YES;
				COPY_PHASE_STRIP = NO;
				DEBUG_INFORMATION_FORMAT = "dwarf-with-dsym";
				ENABLE_NS_ASSERTIONS = NO;
				ENABLE_STRICT_OBJC_MSGSEND = YES;
				GCC_C_LANGUAGE_STANDARD = gnu11;
				GCC_NO_COMMON_BLOCKS = YES;
				GCC_WARN_64_TO_32_BIT_CONVERSION = YES;
				GCC_WARN_ABOUT_RETURN_TYPE = YES_ERROR;
				GCC_WARN_UNDECLARED_SELECTOR = YES;
				GCC_WARN_UNINITIALIZED_AUTOS = YES_AGGRESSIVE;
				GCC_WARN_UNUSED_FUNCTION = YES;
				GCC_WARN_UNUSED_VARIABLE = YES;
				IPHONEOS_DEPLOYMENT_TARGET = 16.2;
				MTL_ENABLE_DEBUG_INFO = NO;
				MTL_FAST_MATH = YES;
				SDKROOT = iphoneos;
				SWIFT_COMPILATION_MODE = wholemodule;
				SWIFT_OPTIMIZATION_LEVEL = "-O";
				VALIDATE_PRODUCT = YES;
			};
			name = Release;
		};
		757E0D1C29B8772A00628C9D /* Debug */ = {
			isa = XCBuildConfiguration;
			buildSettings = {
				ASSETCATALOG_COMPILER_APPICON_NAME = AppIcon;
				ASSETCATALOG_COMPILER_GLOBAL_ACCENT_COLOR_NAME = AccentColor;
				CODE_SIGN_STYLE = Automatic;
				CURRENT_PROJECT_VERSION = 1;
				DEVELOPMENT_ASSET_PATHS = "\"MyCrypto/Preview Content\"";
				DEVELOPMENT_TEAM = YHUMVG95RT;
				ENABLE_PREVIEWS = YES;
				GENERATE_INFOPLIST_FILE = YES;
				INFOPLIST_KEY_UIApplicationSceneManifest_Generation = YES;
				INFOPLIST_KEY_UIApplicationSupportsIndirectInputEvents = YES;
				INFOPLIST_KEY_UILaunchScreen_Generation = YES;
				INFOPLIST_KEY_UISupportedInterfaceOrientations = UIInterfaceOrientationPortrait;
				INFOPLIST_KEY_UISupportedInterfaceOrientations_iPad = "UIInterfaceOrientationPortrait UIInterfaceOrientationPortraitUpsideDown";
				IPHONEOS_DEPLOYMENT_TARGET = 15.0;
				LD_RUNPATH_SEARCH_PATHS = (
					"$(inherited)",
					"@executable_path/Frameworks",
				);
				MARKETING_VERSION = 1.0;
				PRODUCT_BUNDLE_IDENTIFIER = kaiserdem.MyCrypto;
				PRODUCT_NAME = "$(TARGET_NAME)";
				SWIFT_EMIT_LOC_STRINGS = YES;
				SWIFT_VERSION = 5.0;
				TARGETED_DEVICE_FAMILY = "1,2";
			};
			name = Debug;
		};
		757E0D1D29B8772A00628C9D /* Release */ = {
			isa = XCBuildConfiguration;
			buildSettings = {
				ASSETCATALOG_COMPILER_APPICON_NAME = AppIcon;
				ASSETCATALOG_COMPILER_GLOBAL_ACCENT_COLOR_NAME = AccentColor;
				CODE_SIGN_STYLE = Automatic;
				CURRENT_PROJECT_VERSION = 1;
				DEVELOPMENT_ASSET_PATHS = "\"MyCrypto/Preview Content\"";
				DEVELOPMENT_TEAM = YHUMVG95RT;
				ENABLE_PREVIEWS = YES;
				GENERATE_INFOPLIST_FILE = YES;
				INFOPLIST_KEY_UIApplicationSceneManifest_Generation = YES;
				INFOPLIST_KEY_UIApplicationSupportsIndirectInputEvents = YES;
				INFOPLIST_KEY_UILaunchScreen_Generation = YES;
				INFOPLIST_KEY_UISupportedInterfaceOrientations = UIInterfaceOrientationPortrait;
				INFOPLIST_KEY_UISupportedInterfaceOrientations_iPad = "UIInterfaceOrientationPortrait UIInterfaceOrientationPortraitUpsideDown";
				IPHONEOS_DEPLOYMENT_TARGET = 15.0;
				LD_RUNPATH_SEARCH_PATHS = (
					"$(inherited)",
					"@executable_path/Frameworks",
				);
				MARKETING_VERSION = 1.0;
				PRODUCT_BUNDLE_IDENTIFIER = kaiserdem.MyCrypto;
				PRODUCT_NAME = "$(TARGET_NAME)";
				SWIFT_EMIT_LOC_STRINGS = YES;
				SWIFT_VERSION = 5.0;
				TARGETED_DEVICE_FAMILY = "1,2";
			};
			name = Release;
		};
/* End XCBuildConfiguration section */

/* Begin XCConfigurationList section */
		757E0D0829B8772800628C9D /* Build configuration list for PBXProject "MyCrypto" */ = {
			isa = XCConfigurationList;
			buildConfigurations = (
				757E0D1929B8772A00628C9D /* Debug */,
				757E0D1A29B8772A00628C9D /* Release */,
			);
			defaultConfigurationIsVisible = 0;
			defaultConfigurationName = Release;
		};
		757E0D1B29B8772A00628C9D /* Build configuration list for PBXNativeTarget "MyCrypto" */ = {
			isa = XCConfigurationList;
			buildConfigurations = (
				757E0D1C29B8772A00628C9D /* Debug */,
				757E0D1D29B8772A00628C9D /* Release */,
			);
			defaultConfigurationIsVisible = 0;
			defaultConfigurationName = Release;
		};
/* End XCConfigurationList section */
	};
	rootObject = 757E0D0529B8772800628C9D /* Project object */;
}
